
Microsoft Visual Studio Solution File, Format Version 12.00
# Visual Studio Version 17
VisualStudioVersion = 17.6.33815.320
MinimumVisualStudioVersion = 10.0.40219.1
Project("{FAE04EC0-301F-11D3-BF4B-00C04F79EFBC}") = "ListShoppingProject", "ListShoppingProject\ListShoppingProject.csproj", "{997E7EC7-8345-46B6-A4E7-60B727AF5170}"
EndProject
Global
	GlobalSection(SolutionConfigurationPlatforms) = preSolution
		Debug|Any CPU = Debug|Any CPU
		Release|Any CPU = Release|Any CPU
	EndGlobalSection
	GlobalSection(ProjectConfigurationPlatforms) = postSolution
		{997E7EC7-8345-46B6-A4E7-60B727AF5170}.Debug|Any CPU.ActiveCfg = Debug|Any CPU
		{997E7EC7-8345-46B6-A4E7-60B727AF5170}.Debug|Any CPU.Build.0 = Debug|Any CPU
		{997E7EC7-8345-46B6-A4E7-60B727AF5170}.Release|Any CPU.ActiveCfg = Release|Any CPU
		{997E7EC7-8345-46B6-A4E7-60B727AF5170}.Release|Any CPU.Build.0 = Release|Any CPU
	EndGlobalSection
	GlobalSection(SolutionProperties) = preSolution
		HideSolutionNode = FALSE
	EndGlobalSection
	GlobalSection(ExtensibilityGlobals) = postSolution
		SolutionGuid = {43184F35-9B93-470F-A2E8-9F5C7BE6239C}
	EndGlobalSection
EndGlobal
